
Microsoft Visual Studio Solution File, Format Version 12.00
# Visual Studio Version 17
VisualStudioVersion = 17.14.36327.8 d17.14
MinimumVisualStudioVersion = 10.0.40219.1
Project("{FAE04EC0-301F-11D3-BF4B-00C04F79EFBC}") = "BibliotecaAPI", "BibliotecaAPI.csproj", "{7E69BCF1-DFF9-4368-A5C6-C3781AB07DC7}"
EndProject
Global
	GlobalSection(SolutionConfigurationPlatforms) = preSolution
		Debug|Any CPU = Debug|Any CPU
		Release|Any CPU = Release|Any CPU
	EndGlobalSection
	GlobalSection(ProjectConfigurationPlatforms) = postSolution
		{7E69BCF1-DFF9-4368-A5C6-C3781AB07DC7}.Debug|Any CPU.ActiveCfg = Debug|Any CPU
		{7E69BCF1-DFF9-4368-A5C6-C3781AB07DC7}.Debug|Any CPU.Build.0 = Debug|Any CPU
		{7E69BCF1-DFF9-4368-A5C6-C3781AB07DC7}.Release|Any CPU.ActiveCfg = Release|Any CPU
		{7E69BCF1-DFF9-4368-A5C6-C3781AB07DC7}.Release|Any CPU.Build.0 = Release|Any CPU
	EndGlobalSection
	GlobalSection(SolutionProperties) = preSolution
		HideSolutionNode = FALSE
	EndGlobalSection
	GlobalSection(ExtensibilityGlobals) = postSolution
		SolutionGuid = {927CE4EB-91AF-41BB-96F1-094C7D02113B}
	EndGlobalSection
EndGlobal
